
Microsoft Visual Studio Solution File, Format Version 12.00
# Visual Studio Version 16
VisualStudioVersion = 16.0.28922.388
MinimumVisualStudioVersion = 10.0.40219.1
Project("{9A19103F-16F7-4668-BE54-9A1E7A4F7556}") = "tra-core-1", "tra-core-1.csproj", "{401813B8-AD2C-48DA-8DD9-D39C5BC07B88}"
EndProject
Global
	GlobalSection(SolutionConfigurationPlatforms) = preSolution
		Debug|Any CPU = Debug|Any CPU
		Release|Any CPU = Release|Any CPU
	EndGlobalSection
	GlobalSection(ProjectConfigurationPlatforms) = postSolution
		{401813B8-AD2C-48DA-8DD9-D39C5BC07B88}.Debug|Any CPU.ActiveCfg = Debug|Any CPU
		{401813B8-AD2C-48DA-8DD9-D39C5BC07B88}.Debug|Any CPU.Build.0 = Debug|Any CPU
		{401813B8-AD2C-48DA-8DD9-D39C5BC07B88}.Release|Any CPU.ActiveCfg = Release|Any CPU
		{401813B8-AD2C-48DA-8DD9-D39C5BC07B88}.Release|Any CPU.Build.0 = Release|Any CPU
	EndGlobalSection
	GlobalSection(SolutionProperties) = preSolution
		HideSolutionNode = FALSE
	EndGlobalSection
	GlobalSection(ExtensibilityGlobals) = postSolution
		SolutionGuid = {C56E1151-F552-4D20-8787-796AC5775280}
	EndGlobalSection
EndGlobal
